
Microsoft Visual Studio Solution File, Format Version 12.00
# Visual Studio 15
VisualStudioVersion = 15.0.27130.2036
MinimumVisualStudioVersion = 10.0.40219.1
Project("{FAE04EC0-301F-11D3-BF4B-00C04F79EFBC}") = "S3K.RealTimeOnline.CommonUtils", "S3K.RealTimeOnline.CommonUtils\S3K.RealTimeOnline.CommonUtils.csproj", "{F10BA7FD-7A0B-4836-9DE5-4B55E078C7D4}"
EndProject
Project("{FAE04EC0-301F-11D3-BF4B-00C04F79EFBC}") = "S3K.RealTimeOnline.GenericDataAccess", "S3K.RealTimeOnline.GenericDataAccess\S3K.RealTimeOnline.GenericDataAccess.csproj", "{6515754E-5242-49EB-B81E-6D29B24E60A6}"
EndProject
Project("{2150E333-8FDC-42A3-9474-1A3956D46DE8}") = "6. Utils", "6. Utils", "{173C9A31-8A98-42BD-BA82-D108DE004BA6}"
EndProject
Project("{2150E333-8FDC-42A3-9474-1A3956D46DE8}") = "Solution Items", "Solution Items", "{EA904C89-8435-491E-8224-91D3AF09AC76}"
	ProjectSection(SolutionItems) = preProject
		.gitignore = .gitignore
		snippets.txt = snippets.txt
	EndProjectSection
EndProject
Project("{2150E333-8FDC-42A3-9474-1A3956D46DE8}") = "4. DataAccess", "4. DataAccess", "{A94F0B4B-97FC-44F6-9609-16F2CC889026}"
EndProject
Project("{00D1A9C2-B5F0-4AF3-8072-F6C62B433612}") = "S3K.RealTimeOnline.SecurityDb", "S3K.RealTimeOnline.SecurityDb\S3K.RealTimeOnline.SecurityDb.sqlproj", "{6D21CD73-808B-42A2-A4E1-3583AB6BBF23}"
EndProject
Project("{2150E333-8FDC-42A3-9474-1A3956D46DE8}") = "7. DataBases", "7. DataBases", "{1FBABEE5-EEA4-46CC-888A-38E834E4B042}"
EndProject
Project("{00D1A9C2-B5F0-4AF3-8072-F6C62B433612}") = "S3K.RealTimeOnline.BusinessDb", "S3K.RealTimeOnline.BusinessDb\S3K.RealTimeOnline.BusinessDb.sqlproj", "{94CBFB90-729D-45CC-8A09-52E5B06D4EC8}"
EndProject
Project("{FAE04EC0-301F-11D3-BF4B-00C04F79EFBC}") = "S3K.RealTimeOnline.BusinessDomain", "S3K.RealTimeOnline.BusinessDomain\S3K.RealTimeOnline.BusinessDomain.csproj", "{77A65568-2D24-4D32-BAD8-8A489AD1DD92}"
EndProject
Project("{FAE04EC0-301F-11D3-BF4B-00C04F79EFBC}") = "S3K.RealTimeOnline.SecurityDomain", "S3K.RealTimeOnline.SecurityDomain\S3K.RealTimeOnline.SecurityDomain.csproj", "{0C809519-C0F1-45F7-8815-676A18555AB8}"
EndProject
Project("{2150E333-8FDC-42A3-9474-1A3956D46DE8}") = "1. Clients", "1. Clients", "{2057B5F0-B273-49DE-A50E-1C79DF824E66}"
EndProject
Project("{FAE04EC0-301F-11D3-BF4B-00C04F79EFBC}") = "S3K.RealTimeOnline.GenericDomain", "S3K.RealTimeOnline.GenericDomain\S3K.RealTimeOnline.GenericDomain.csproj", "{2F3D9931-BE6D-43CE-8A03-73EEBFDD877E}"
EndProject
Project("{2150E333-8FDC-42A3-9474-1A3956D46DE8}") = "5. Domains", "5. Domains", "{200B31B4-4787-41B0-91F7-F4EBBE2FEC2F}"
EndProject
Project("{FAE04EC0-301F-11D3-BF4B-00C04F79EFBC}") = "S3K.RealTimeOnline.BusinessDataAccess", "S3K.RealTimeOnline.BusinessDataAccess\S3K.RealTimeOnline.BusinessDataAccess.csproj", "{AFD08370-3843-4A08-B6F0-09748137AD79}"
EndProject
Project("{FAE04EC0-301F-11D3-BF4B-00C04F79EFBC}") = "S3K.RealTimeOnline.SecurityDataAccess", "S3K.RealTimeOnline.SecurityDataAccess\S3K.RealTimeOnline.SecurityDataAccess.csproj", "{B10E408A-8049-4689-8CC2-46C4D5D390F2}"
EndProject
Project("{2150E333-8FDC-42A3-9474-1A3956D46DE8}") = "2. Services", "2. Services", "{510D1F31-AA06-4077-96FB-381809F1277F}"
EndProject
Project("{FAE04EC0-301F-11D3-BF4B-00C04F79EFBC}") = "S3K.RealTimeOnline.Core", "S3K.RealTimeOnline.Core\S3K.RealTimeOnline.Core.csproj", "{9BC66157-EB3C-4E72-9DBF-3133F8DF2E88}"
EndProject
Project("{CC5FD16D-436D-48AD-A40C-5A424C6E3E79}") = "S3K.RealTimeOnline.CloudService", "S3K.RealTimeOnline.CloudService\S3K.RealTimeOnline.CloudService.ccproj", "{6186B1BC-D32A-421A-9D68-2BBF49A7CE6A}"
EndProject
Project("{FAE04EC0-301F-11D3-BF4B-00C04F79EFBC}") = "S3K.RealTimeOnline.WebService", "S3K.RealTimeOnline.WebService\S3K.RealTimeOnline.WebService.csproj", "{436457BF-0B0E-48CF-A719-C6879D4DF3D9}"
EndProject
Project("{FAE04EC0-301F-11D3-BF4B-00C04F79EFBC}") = "S3K.RealTimeOnline.WebSite", "S3K.RealTimeOnline.WebSite\S3K.RealTimeOnline.WebSite.csproj", "{33409481-8939-42D1-BF98-E884B981100C}"
	ProjectSection(ProjectDependencies) = postProject
		{436457BF-0B0E-48CF-A719-C6879D4DF3D9} = {436457BF-0B0E-48CF-A719-C6879D4DF3D9}
	EndProjectSection
EndProject
Project("{FAE04EC0-301F-11D3-BF4B-00C04F79EFBC}") = "S3K.RealTimeOnline.Contracts", "S3K.RealTimeOnline.Contracts\S3K.RealTimeOnline.Contracts.csproj", "{1DC05A9C-72FE-4FB3-A3C8-0D2BBBBED85C}"
EndProject
Project("{FAE04EC0-301F-11D3-BF4B-00C04F79EFBC}") = "S3K.RealTimeOnline.Dtos", "S3K.RealTimeOnline.Dtos\S3K.RealTimeOnline.Dtos.csproj", "{28C422D0-F60C-4D3C-8381-0869D8193754}"
EndProject
Project("{2150E333-8FDC-42A3-9474-1A3956D46DE8}") = "3. CoreBusiness", "3. CoreBusiness", "{CAFE75BC-1F9C-4383-BAEF-802213AC4C0F}"
EndProject
Global
	GlobalSection(SolutionConfigurationPlatforms) = preSolution
		Debug|Any CPU = Debug|Any CPU
		Release|Any CPU = Release|Any CPU
	EndGlobalSection
	GlobalSection(ProjectConfigurationPlatforms) = postSolution
		{F10BA7FD-7A0B-4836-9DE5-4B55E078C7D4}.Debug|Any CPU.ActiveCfg = Debug|Any CPU
		{F10BA7FD-7A0B-4836-9DE5-4B55E078C7D4}.Debug|Any CPU.Build.0 = Debug|Any CPU
		{F10BA7FD-7A0B-4836-9DE5-4B55E078C7D4}.Release|Any CPU.ActiveCfg = Release|Any CPU
		{F10BA7FD-7A0B-4836-9DE5-4B55E078C7D4}.Release|Any CPU.Build.0 = Release|Any CPU
		{6515754E-5242-49EB-B81E-6D29B24E60A6}.Debug|Any CPU.ActiveCfg = Debug|Any CPU
		{6515754E-5242-49EB-B81E-6D29B24E60A6}.Debug|Any CPU.Build.0 = Debug|Any CPU
		{6515754E-5242-49EB-B81E-6D29B24E60A6}.Release|Any CPU.ActiveCfg = Release|Any CPU
		{6515754E-5242-49EB-B81E-6D29B24E60A6}.Release|Any CPU.Build.0 = Release|Any CPU
		{6D21CD73-808B-42A2-A4E1-3583AB6BBF23}.Debug|Any CPU.ActiveCfg = Debug|Any CPU
		{6D21CD73-808B-42A2-A4E1-3583AB6BBF23}.Debug|Any CPU.Build.0 = Debug|Any CPU
		{6D21CD73-808B-42A2-A4E1-3583AB6BBF23}.Debug|Any CPU.Deploy.0 = Debug|Any CPU
		{6D21CD73-808B-42A2-A4E1-3583AB6BBF23}.Release|Any CPU.ActiveCfg = Release|Any CPU
		{6D21CD73-808B-42A2-A4E1-3583AB6BBF23}.Release|Any CPU.Build.0 = Release|Any CPU
		{6D21CD73-808B-42A2-A4E1-3583AB6BBF23}.Release|Any CPU.Deploy.0 = Release|Any CPU
		{94CBFB90-729D-45CC-8A09-52E5B06D4EC8}.Debug|Any CPU.ActiveCfg = Debug|Any CPU
		{94CBFB90-729D-45CC-8A09-52E5B06D4EC8}.Debug|Any CPU.Build.0 = Debug|Any CPU
		{94CBFB90-729D-45CC-8A09-52E5B06D4EC8}.Debug|Any CPU.Deploy.0 = Debug|Any CPU
		{94CBFB90-729D-45CC-8A09-52E5B06D4EC8}.Release|Any CPU.ActiveCfg = Release|Any CPU
		{94CBFB90-729D-45CC-8A09-52E5B06D4EC8}.Release|Any CPU.Build.0 = Release|Any CPU
		{94CBFB90-729D-45CC-8A09-52E5B06D4EC8}.Release|Any CPU.Deploy.0 = Release|Any CPU
		{77A65568-2D24-4D32-BAD8-8A489AD1DD92}.Debug|Any CPU.ActiveCfg = Debug|Any CPU
		{77A65568-2D24-4D32-BAD8-8A489AD1DD92}.Debug|Any CPU.Build.0 = Debug|Any CPU
		{77A65568-2D24-4D32-BAD8-8A489AD1DD92}.Release|Any CPU.ActiveCfg = Release|Any CPU
		{77A65568-2D24-4D32-BAD8-8A489AD1DD92}.Release|Any CPU.Build.0 = Release|Any CPU
		{0C809519-C0F1-45F7-8815-676A18555AB8}.Debug|Any CPU.ActiveCfg = Debug|Any CPU
		{0C809519-C0F1-45F7-8815-676A18555AB8}.Debug|Any CPU.Build.0 = Debug|Any CPU
		{0C809519-C0F1-45F7-8815-676A18555AB8}.Release|Any CPU.ActiveCfg = Release|Any CPU
		{0C809519-C0F1-45F7-8815-676A18555AB8}.Release|Any CPU.Build.0 = Release|Any CPU
		{2F3D9931-BE6D-43CE-8A03-73EEBFDD877E}.Debug|Any CPU.ActiveCfg = Debug|Any CPU
		{2F3D9931-BE6D-43CE-8A03-73EEBFDD877E}.Debug|Any CPU.Build.0 = Debug|Any CPU
		{2F3D9931-BE6D-43CE-8A03-73EEBFDD877E}.Release|Any CPU.ActiveCfg = Release|Any CPU
		{2F3D9931-BE6D-43CE-8A03-73EEBFDD877E}.Release|Any CPU.Build.0 = Release|Any CPU
		{AFD08370-3843-4A08-B6F0-09748137AD79}.Debug|Any CPU.ActiveCfg = Debug|Any CPU
		{AFD08370-3843-4A08-B6F0-09748137AD79}.Debug|Any CPU.Build.0 = Debug|Any CPU
		{AFD08370-3843-4A08-B6F0-09748137AD79}.Release|Any CPU.ActiveCfg = Release|Any CPU
		{AFD08370-3843-4A08-B6F0-09748137AD79}.Release|Any CPU.Build.0 = Release|Any CPU
		{B10E408A-8049-4689-8CC2-46C4D5D390F2}.Debug|Any CPU.ActiveCfg = Debug|Any CPU
		{B10E408A-8049-4689-8CC2-46C4D5D390F2}.Debug|Any CPU.Build.0 = Debug|Any CPU
		{B10E408A-8049-4689-8CC2-46C4D5D390F2}.Release|Any CPU.ActiveCfg = Release|Any CPU
		{B10E408A-8049-4689-8CC2-46C4D5D390F2}.Release|Any CPU.Build.0 = Release|Any CPU
		{9BC66157-EB3C-4E72-9DBF-3133F8DF2E88}.Debug|Any CPU.ActiveCfg = Debug|Any CPU
		{9BC66157-EB3C-4E72-9DBF-3133F8DF2E88}.Debug|Any CPU.Build.0 = Debug|Any CPU
		{9BC66157-EB3C-4E72-9DBF-3133F8DF2E88}.Release|Any CPU.ActiveCfg = Release|Any CPU
		{9BC66157-EB3C-4E72-9DBF-3133F8DF2E88}.Release|Any CPU.Build.0 = Release|Any CPU
		{6186B1BC-D32A-421A-9D68-2BBF49A7CE6A}.Debug|Any CPU.ActiveCfg = Debug|Any CPU
		{6186B1BC-D32A-421A-9D68-2BBF49A7CE6A}.Debug|Any CPU.Build.0 = Debug|Any CPU
		{6186B1BC-D32A-421A-9D68-2BBF49A7CE6A}.Release|Any CPU.ActiveCfg = Release|Any CPU
		{6186B1BC-D32A-421A-9D68-2BBF49A7CE6A}.Release|Any CPU.Build.0 = Release|Any CPU
		{436457BF-0B0E-48CF-A719-C6879D4DF3D9}.Debug|Any CPU.ActiveCfg = Debug|Any CPU
		{436457BF-0B0E-48CF-A719-C6879D4DF3D9}.Debug|Any CPU.Build.0 = Debug|Any CPU
		{436457BF-0B0E-48CF-A719-C6879D4DF3D9}.Release|Any CPU.ActiveCfg = Release|Any CPU
		{436457BF-0B0E-48CF-A719-C6879D4DF3D9}.Release|Any CPU.Build.0 = Release|Any CPU
		{33409481-8939-42D1-BF98-E884B981100C}.Debug|Any CPU.ActiveCfg = Debug|Any CPU
		{33409481-8939-42D1-BF98-E884B981100C}.Debug|Any CPU.Build.0 = Debug|Any CPU
		{33409481-8939-42D1-BF98-E884B981100C}.Release|Any CPU.ActiveCfg = Release|Any CPU
		{33409481-8939-42D1-BF98-E884B981100C}.Release|Any CPU.Build.0 = Release|Any CPU
		{1DC05A9C-72FE-4FB3-A3C8-0D2BBBBED85C}.Debug|Any CPU.ActiveCfg = Debug|Any CPU
		{1DC05A9C-72FE-4FB3-A3C8-0D2BBBBED85C}.Debug|Any CPU.Build.0 = Debug|Any CPU
		{1DC05A9C-72FE-4FB3-A3C8-0D2BBBBED85C}.Release|Any CPU.ActiveCfg = Release|Any CPU
		{1DC05A9C-72FE-4FB3-A3C8-0D2BBBBED85C}.Release|Any CPU.Build.0 = Release|Any CPU
		{28C422D0-F60C-4D3C-8381-0869D8193754}.Debug|Any CPU.ActiveCfg = Debug|Any CPU
		{28C422D0-F60C-4D3C-8381-0869D8193754}.Debug|Any CPU.Build.0 = Debug|Any CPU
		{28C422D0-F60C-4D3C-8381-0869D8193754}.Release|Any CPU.ActiveCfg = Release|Any CPU
		{28C422D0-F60C-4D3C-8381-0869D8193754}.Release|Any CPU.Build.0 = Release|Any CPU
	EndGlobalSection
	GlobalSection(SolutionProperties) = preSolution
		HideSolutionNode = FALSE
	EndGlobalSection
	GlobalSection(NestedProjects) = preSolution
		{F10BA7FD-7A0B-4836-9DE5-4B55E078C7D4} = {173C9A31-8A98-42BD-BA82-D108DE004BA6}
		{6515754E-5242-49EB-B81E-6D29B24E60A6} = {A94F0B4B-97FC-44F6-9609-16F2CC889026}
		{6D21CD73-808B-42A2-A4E1-3583AB6BBF23} = {1FBABEE5-EEA4-46CC-888A-38E834E4B042}
		{94CBFB90-729D-45CC-8A09-52E5B06D4EC8} = {1FBABEE5-EEA4-46CC-888A-38E834E4B042}
		{77A65568-2D24-4D32-BAD8-8A489AD1DD92} = {200B31B4-4787-41B0-91F7-F4EBBE2FEC2F}
		{0C809519-C0F1-45F7-8815-676A18555AB8} = {200B31B4-4787-41B0-91F7-F4EBBE2FEC2F}
		{2F3D9931-BE6D-43CE-8A03-73EEBFDD877E} = {200B31B4-4787-41B0-91F7-F4EBBE2FEC2F}
		{AFD08370-3843-4A08-B6F0-09748137AD79} = {A94F0B4B-97FC-44F6-9609-16F2CC889026}
		{B10E408A-8049-4689-8CC2-46C4D5D390F2} = {A94F0B4B-97FC-44F6-9609-16F2CC889026}
		{9BC66157-EB3C-4E72-9DBF-3133F8DF2E88} = {CAFE75BC-1F9C-4383-BAEF-802213AC4C0F}
		{6186B1BC-D32A-421A-9D68-2BBF49A7CE6A} = {510D1F31-AA06-4077-96FB-381809F1277F}
		{436457BF-0B0E-48CF-A719-C6879D4DF3D9} = {510D1F31-AA06-4077-96FB-381809F1277F}
		{33409481-8939-42D1-BF98-E884B981100C} = {2057B5F0-B273-49DE-A50E-1C79DF824E66}
		{1DC05A9C-72FE-4FB3-A3C8-0D2BBBBED85C} = {CAFE75BC-1F9C-4383-BAEF-802213AC4C0F}
		{28C422D0-F60C-4D3C-8381-0869D8193754} = {CAFE75BC-1F9C-4383-BAEF-802213AC4C0F}
	EndGlobalSection
	GlobalSection(ExtensibilityGlobals) = postSolution
		SolutionGuid = {DECA91E6-677C-458B-9E96-C0702324AC5E}
	EndGlobalSection
EndGlobal
